# @generated - this file is auto-generated by `mise lock` https://mise.jdx.dev/dev-tools/mise-lock.html

[[tools.hk]]
version = "1.53.0"
backend = "aqua:jdx/hk"

[tools.hk."platforms.linux-x64"]
checksum = "sha256:960c14b3bcd61e36dcb42c304e3cc23b22ef2e6f28ac6559e3856d27acf6b54a"
url = "https://github.com/jdx/hk/releases/download/v1.53.0/hk-x86_64-unknown-linux-gnu.tar.gz"
url_api = "https://api.github.com/repos/jdx/hk/releases/assets/487429267"

[tools.hk."platforms.macos-arm64"]
checksum = "sha256:d5c1f9a4c3598cc72c9f15908af6e036b138b9dd97c8891e4d08f699c98a5069"
url = "https://github.com/jdx/hk/releases/download/v1.53.0/hk-aarch64-apple-darwin.tar.gz"
url_api = "https://api.github.com/repos/jdx/hk/releases/assets/487429255"

[[tools.pixi]]
version = "0.74.0"
backend = "github:prefix-dev/pixi"

[tools.pixi."platforms.linux-x64"]
checksum = "sha256:5729e99fb569a25f0b65dd6f5d1f32fcf3b967b36c1e89b9bab6a3bf845cc655"
url = "https://github.com/prefix-dev/pixi/releases/download/v0.74.0/pixi-x86_64-unknown-linux-musl.tar.gz"
url_api = "https://api.github.com/repos/prefix-dev/pixi/releases/assets/491454402"
provenance = "github-attestations"
provenance_verified = true

[tools.pixi."platforms.macos-arm64"]
checksum = "sha256:abe8daa74933609e65f5cb7a2ae99a1fe292289854d731d1d46b44606fec2acc"
url = "https://github.com/prefix-dev/pixi/releases/download/v0.74.0/pixi-aarch64-apple-darwin.tar.gz"
url_api = "https://api.github.com/repos/prefix-dev/pixi/releases/assets/491454236"
provenance = "github-attestations"
provenance_verified = true
