# @generated - this file is auto-generated by `mise lock` https://mise.jdx.dev/dev-tools/mise-lock.html

lockfile_version = 2

[[tools.hk]]
version = "2.2.0"
backend = "packslip:github.com/jdx/hk"
specifiers = ["2.2.0"]

[tools.hk."platforms.linux-x64"]
checksum = "sha256:ffb90603d1aeb6c545ff64087372c136d46bb6d820164d63b352b1c189f40053"
url = "https://github.com/jdx/hk/releases/download/v2.2.0/hk-x86_64-unknown-linux-gnu.tar.gz"
signer = "sigstore-oidc:https://github.com/jdx/hk/.github/workflows/release.yml"

[tools.hk."platforms.macos-arm64"]
checksum = "sha256:82da7ae00554222568ea4115939e13fca640c2fae426ea828176b5b08ea45f68"
url = "https://github.com/jdx/hk/releases/download/v2.2.0/hk-aarch64-apple-darwin.tar.gz"
signer = "sigstore-oidc:https://github.com/jdx/hk/.github/workflows/release.yml"

[[tools.pixi]]
version = "0.81.0"
backend = "github:prefix-dev/pixi"
specifiers = ["v0.81.0"]

[tools.pixi."platforms.linux-x64"]
checksum = "sha256:7aa3ec39aecceff9062fa2ed4d42cbaa0bdc25ddea727d048e061cf188d434f6"
url = "https://github.com/prefix-dev/pixi/releases/download/v0.81.0/pixi-x86_64-unknown-linux-musl.tar.gz"
url_api = "https://api.github.com/repos/prefix-dev/pixi/releases/assets/565929985"
provenance = "github-attestations"

[tools.pixi."platforms.macos-arm64"]
checksum = "sha256:f4e32ea91970d4e11739488817979a5f2c6ebbb9cedb0d6dea74b2b790b272dc"
url = "https://github.com/prefix-dev/pixi/releases/download/v0.81.0/pixi-aarch64-apple-darwin.tar.gz"
url_api = "https://api.github.com/repos/prefix-dev/pixi/releases/assets/565929700"
provenance = "github-attestations"
