# @generated - this file is auto-generated by `mise lock` https://mise.en.dev/dev-tools/mise-lock.html

[[tools.hk]]
version = "1.44.2"
backend = "aqua:jdx/hk"

[tools.hk."platforms.macos-arm64"]
checksum = "sha256:b1d6b50682055ff7b92a6f17122f6a6a49d03f611199a9a470c19ec70d5df770"
url = "https://github.com/jdx/hk/releases/download/v1.44.2/hk-aarch64-apple-darwin.tar.gz"

[[tools.pixi]]
version = "0.67.2"
backend = "github:prefix-dev/pixi"

[tools.pixi."platforms.macos-arm64"]
checksum = "sha256:c440c760169ced6969e50612f173f7b68f3e171377f1c8967416c5a6ccbd7155"
url = "https://github.com/prefix-dev/pixi/releases/download/v0.67.2/pixi-aarch64-apple-darwin.tar.gz"
url_api = "https://api.github.com/repos/prefix-dev/pixi/releases/assets/403298931"

[tools.pixi."platforms.macos-arm64".provenance.slsa]
url = "https://github.com/prefix-dev/pixi/releases/download/v0.67.2/attestations-aarch64-apple-darwin.intoto.jsonl"

[[tools.pkl]]
version = "0.31.1"
backend = "aqua:apple/pkl"

[tools.pkl."platforms.macos-arm64"]
checksum = "sha256:1b6a5438d9624cd2798a7530721bbbfa27ef72efe5c878a1b6c546c6e7ca0e8f"
url = "https://github.com/apple/pkl/releases/download/0.31.1/pkl-macos-aarch64"
